
Microsoft Visual Studio Solution File, Format Version 12.00
# Visual Studio 15
VisualStudioVersion = 15.0.28307.168
MinimumVisualStudioVersion = 10.0.40219.1
Project("{FAE04EC0-301F-11D3-BF4B-00C04F79EFBC}") = "ProofOfConceptArchitecture", "ProofOfConceptArchitecture\ProofOfConceptArchitecture.csproj", "{4736D112-5C20-424D-8926-0D667B0340A3}"
EndProject
Global
	GlobalSection(SolutionConfigurationPlatforms) = preSolution
		Debug|Any CPU = Debug|Any CPU
		Release|Any CPU = Release|Any CPU
	EndGlobalSection
	GlobalSection(ProjectConfigurationPlatforms) = postSolution
		{4736D112-5C20-424D-8926-0D667B0340A3}.Debug|Any CPU.ActiveCfg = Debug|Any CPU
		{4736D112-5C20-424D-8926-0D667B0340A3}.Debug|Any CPU.Build.0 = Debug|Any CPU
		{4736D112-5C20-424D-8926-0D667B0340A3}.Release|Any CPU.ActiveCfg = Release|Any CPU
		{4736D112-5C20-424D-8926-0D667B0340A3}.Release|Any CPU.Build.0 = Release|Any CPU
	EndGlobalSection
	GlobalSection(SolutionProperties) = preSolution
		HideSolutionNode = FALSE
	EndGlobalSection
	GlobalSection(ExtensibilityGlobals) = postSolution
		SolutionGuid = {EDCE01A4-5C43-4EA1-8FAA-666A32DCF293}
	EndGlobalSection
EndGlobal
